
Microsoft Visual Studio Solution File, Format Version 12.00
Project("{FAE04EC0-301F-11D3-BF4B-00C04F79EFBC}") = "PeakDiscordRPC", "PeakDiscordRPC\PeakDiscordRPC.csproj", "{EC98E5D8-9F2E-4538-8EC5-149607E4C19F}"
EndProject
Global
	GlobalSection(SolutionConfigurationPlatforms) = preSolution
		Debug|Any CPU = Debug|Any CPU
		Release|Any CPU = Release|Any CPU
	EndGlobalSection
	GlobalSection(ProjectConfigurationPlatforms) = postSolution
		{EC98E5D8-9F2E-4538-8EC5-149607E4C19F}.Debug|Any CPU.ActiveCfg = Debug|Any CPU
		{EC98E5D8-9F2E-4538-8EC5-149607E4C19F}.Debug|Any CPU.Build.0 = Debug|Any CPU
		{EC98E5D8-9F2E-4538-8EC5-149607E4C19F}.Release|Any CPU.ActiveCfg = Release|Any CPU
		{EC98E5D8-9F2E-4538-8EC5-149607E4C19F}.Release|Any CPU.Build.0 = Release|Any CPU
	EndGlobalSection
EndGlobal
